// !$*UTF8*$!
{
	archiveVersion = 1;
	classes = {
	};
	objectVersion = 48;
	objects = {

/* Begin PBXBuildFile section */
		E0892FA0202ADF6100D57C63 /* Simulator Screen Shot - iPhone 8 - 2018-02-06 at 23.12.44.png in Resources */ = {isa = PBXBuildFile; fileRef = E0892F9F202ADF6000D57C63 /* Simulator Screen Shot - iPhone 8 - 2018-02-06 at 23.12.44.png */; };
		E0892FA2202ADF6600D57C63 /* Simulator Screen Shot - iPhone 8 - 2018-02-06 at 23.12.55.png in Resources */ = {isa = PBXBuildFile; fileRef = E0892FA1202ADF6600D57C63 /* Simulator Screen Shot - iPhone 8 - 2018-02-06 at 23.12.55.png */; };
		E0892FA4202ADF6D00D57C63 /* Simulator Screen Shot - iPhone 8 - 2018-02-06 at 23.12.06.png in Resources */ = {isa = PBXBuildFile; fileRef = E0892FA3202ADF6C00D57C63 /* Simulator Screen Shot - iPhone 8 - 2018-02-06 at 23.12.06.png */; };
		E0EC8F92202AAC630089F0C6 /* AppDelegate.swift in Sources */ = {isa = PBXBuildFile; fileRef = E0EC8F91202AAC630089F0C6 /* AppDelegate.swift */; };
		E0EC8F97202AAC630089F0C6 /* Main.storyboard in Resources */ = {isa = PBXBuildFile; fileRef = E0EC8F95202AAC630089F0C6 /* Main.storyboard */; };
		E0EC8F99202AAC630089F0C6 /* Assets.xcassets in Resources */ = {isa = PBXBuildFile; fileRef = E0EC8F98202AAC630089F0C6 /* Assets.xcassets */; };
		E0EC8F9C202AAC630089F0C6 /* LaunchScreen.storyboard in Resources */ = {isa = PBXBuildFile; fileRef = E0EC8F9A202AAC630089F0C6 /* LaunchScreen.storyboard */; };
		E0EC8FA4202AADA30089F0C6 /* NetworkProcessor.swift in Sources */ = {isa = PBXBuildFile; fileRef = E0EC8FA3202AADA30089F0C6 /* NetworkProcessor.swift */; };
		E0EC8FA6202AB2200089F0C6 /* AppStoreEndPoint.swift in Sources */ = {isa = PBXBuildFile; fileRef = E0EC8FA5202AB21F0089F0C6 /* AppStoreEndPoint.swift */; };
		E0EC8FA8202AB9080089F0C6 /* App.swift in Sources */ = {isa = PBXBuildFile; fileRef = E0EC8FA7202AB9080089F0C6 /* App.swift */; };
		E0EC8FAA202ABBFE0089F0C6 /* AppStoreClient.swift in Sources */ = {isa = PBXBuildFile; fileRef = E0EC8FA9202ABBFE0089F0C6 /* AppStoreClient.swift */; };
		E0EC8FAC202AC54C0089F0C6 /* AppleTableViewCell.swift in Sources */ = {isa = PBXBuildFile; fileRef = E0EC8FAB202AC54C0089F0C6 /* AppleTableViewCell.swift */; };
		E0EC8FAE202AC7950089F0C6 /* AppStoreTableViewController.swift in Sources */ = {isa = PBXBuildFile; fileRef = E0EC8FAD202AC7950089F0C6 /* AppStoreTableViewController.swift */; };
/* End PBXBuildFile section */

/* Begin PBXFileReference section */
		E0892F9F202ADF6000D57C63 /* Simulator Screen Shot - iPhone 8 - 2018-02-06 at 23.12.44.png */ = {isa = PBXFileReference; lastKnownFileType = image.png; path = "Simulator Screen Shot - iPhone 8 - 2018-02-06 at 23.12.44.png"; sourceTree = "<group>"; };
		E0892FA1202ADF6600D57C63 /* Simulator Screen Shot - iPhone 8 - 2018-02-06 at 23.12.55.png */ = {isa = PBXFileReference; lastKnownFileType = image.png; path = "Simulator Screen Shot - iPhone 8 - 2018-02-06 at 23.12.55.png"; sourceTree = "<group>"; };
		E0892FA3202ADF6C00D57C63 /* Simulator Screen Shot - iPhone 8 - 2018-02-06 at 23.12.06.png */ = {isa = PBXFileReference; lastKnownFileType = image.png; path = "Simulator Screen Shot - iPhone 8 - 2018-02-06 at 23.12.06.png"; sourceTree = "<group>"; };
		E0EC8F8E202AAC630089F0C6 /* iTunesAppStore.app */ = {isa = PBXFileReference; explicitFileType = wrapper.application; includeInIndex = 0; path = iTunesAppStore.app; sourceTree = BUILT_PRODUCTS_DIR; };
		E0EC8F91202AAC630089F0C6 /* AppDelegate.swift */ = {isa = PBXFileReference; lastKnownFileType = sourcecode.swift; path = AppDelegate.swift; sourceTree = "<group>"; };
		E0EC8F96202AAC630089F0C6 /* Base */ = {isa = PBXFileReference; lastKnownFileType = file.storyboard; name = Base; path = Base.lproj/Main.storyboard; sourceTree = "<group>"; };
		E0EC8F98202AAC630089F0C6 /* Assets.xcassets */ = {isa = PBXFileReference; lastKnownFileType = folder.assetcatalog; path = Assets.xcassets; sourceTree = "<group>"; };
		E0EC8F9B202AAC630089F0C6 /* Base */ = {isa = PBXFileReference; lastKnownFileType = file.storyboard; name = Base; path = Base.lproj/LaunchScreen.storyboard; sourceTree = "<group>"; };
		E0EC8F9D202AAC630089F0C6 /* Info.plist */ = {isa = PBXFileReference; lastKnownFileType = text.plist.xml; path = Info.plist; sourceTree = "<group>"; };
		E0EC8FA3202AADA30089F0C6 /* NetworkProcessor.swift */ = {isa = PBXFileReference; lastKnownFileType = sourcecode.swift; path = NetworkProcessor.swift; sourceTree = "<group>"; };
		E0EC8FA5202AB21F0089F0C6 /* AppStoreEndPoint.swift */ = {isa = PBXFileReference; lastKnownFileType = sourcecode.swift; path = AppStoreEndPoint.swift; sourceTree = "<group>"; };
		E0EC8FA7202AB9080089F0C6 /* App.swift */ = {isa = PBXFileReference; lastKnownFileType = sourcecode.swift; path = App.swift; sourceTree = "<group>"; };
		E0EC8FA9202ABBFE0089F0C6 /* AppStoreClient.swift */ = {isa = PBXFileReference; lastKnownFileType = sourcecode.swift; path = AppStoreClient.swift; sourceTree = "<group>"; };
		E0EC8FAB202AC54C0089F0C6 /* AppleTableViewCell.swift */ = {isa = PBXFileReference; lastKnownFileType = sourcecode.swift; path = AppleTableViewCell.swift; sourceTree = "<group>"; };
		E0EC8FAD202AC7950089F0C6 /* AppStoreTableViewController.swift */ = {isa = PBXFileReference; lastKnownFileType = sourcecode.swift; path = AppStoreTableViewController.swift; sourceTree = "<group>"; };
/* End PBXFileReference section */

/* Begin PBXFrameworksBuildPhase section */
		E0EC8F8B202AAC630089F0C6 /* Frameworks */ = {
			isa = PBXFrameworksBuildPhase;
			buildActionMask = 2147483647;
			files = (
			);
			runOnlyForDeploymentPostprocessing = 0;
		};
/* End PBXFrameworksBuildPhase section */

/* Begin PBXGroup section */
		E0892FA5202ADFC900D57C63 /* Snapshots */ = {
			isa = PBXGroup;
			children = (
				E0892F9F202ADF6000D57C63 /* Simulator Screen Shot - iPhone 8 - 2018-02-06 at 23.12.44.png */,
				E0892FA3202ADF6C00D57C63 /* Simulator Screen Shot - iPhone 8 - 2018-02-06 at 23.12.06.png */,
				E0892FA1202ADF6600D57C63 /* Simulator Screen Shot - iPhone 8 - 2018-02-06 at 23.12.55.png */,
			);
			path = Snapshots;
			sourceTree = "<group>";
		};
		E0892FA6202AE01F00D57C63 /* Model */ = {
			isa = PBXGroup;
			children = (
				E0EC8FA3202AADA30089F0C6 /* NetworkProcessor.swift */,
				E0EC8FA5202AB21F0089F0C6 /* AppStoreEndPoint.swift */,
				E0EC8FA7202AB9080089F0C6 /* App.swift */,
				E0EC8FA9202ABBFE0089F0C6 /* AppStoreClient.swift */,
			);
			path = Model;
			sourceTree = "<group>";
		};
		E0892FA7202AE07800D57C63 /* Controller */ = {
			isa = PBXGroup;
			children = (
				E0EC8FAD202AC7950089F0C6 /* AppStoreTableViewController.swift */,
			);
			path = Controller;
			sourceTree = "<group>";
		};
		E0892FA8202AE08900D57C63 /* Views */ = {
			isa = PBXGroup;
			children = (
				E0EC8FAB202AC54C0089F0C6 /* AppleTableViewCell.swift */,
				E0EC8F9A202AAC630089F0C6 /* LaunchScreen.storyboard */,
				E0EC8F95202AAC630089F0C6 /* Main.storyboard */,
			);
			path = Views;
			sourceTree = "<group>";
		};
		E0EC8F85202AAC620089F0C6 = {
			isa = PBXGroup;
			children = (
				E0EC8F90202AAC630089F0C6 /* iTunesAppStore */,
				E0EC8F8F202AAC630089F0C6 /* Products */,
			);
			sourceTree = "<group>";
		};
		E0EC8F8F202AAC630089F0C6 /* Products */ = {
			isa = PBXGroup;
			children = (
				E0EC8F8E202AAC630089F0C6 /* iTunesAppStore.app */,
			);
			name = Products;
			sourceTree = "<group>";
		};
		E0EC8F90202AAC630089F0C6 /* iTunesAppStore */ = {
			isa = PBXGroup;
			children = (
				E0892FA5202ADFC900D57C63 /* Snapshots */,
				E0EC8F91202AAC630089F0C6 /* AppDelegate.swift */,
				E0892FA8202AE08900D57C63 /* Views */,
				E0EC8F98202AAC630089F0C6 /* Assets.xcassets */,
				E0EC8F9D202AAC630089F0C6 /* Info.plist */,
				E0892FA6202AE01F00D57C63 /* Model */,
				E0892FA7202AE07800D57C63 /* Controller */,
			);
			path = iTunesAppStore;
			sourceTree = "<group>";
		};
/* End PBXGroup section */

/* Begin PBXNativeTarget section */
		E0EC8F8D202AAC630089F0C6 /* iTunesAppStore */ = {
			isa = PBXNativeTarget;
			buildConfigurationList = E0EC8FA0202AAC630089F0C6 /* Build configuration list for PBXNativeTarget "iTunesAppStore" */;
			buildPhases = (
				E0EC8F8A202AAC630089F0C6 /* Sources */,
				E0EC8F8B202AAC630089F0C6 /* Frameworks */,
				E0EC8F8C202AAC630089F0C6 /* Resources */,
			);
			buildRules = (
			);
			dependencies = (
			);
			name = iTunesAppStore;
			productName = iTunesAppStore;
			productReference = E0EC8F8E202AAC630089F0C6 /* iTunesAppStore.app */;
			productType = "com.apple.product-type.application";
		};
/* End PBXNativeTarget section */

/* Begin PBXProject section */
		E0EC8F86202AAC630089F0C6 /* Project object */ = {
			isa = PBXProject;
			attributes = {
				LastSwiftUpdateCheck = 0920;
				LastUpgradeCheck = 0920;
				ORGANIZATIONNAME = andiosdev;
				TargetAttributes = {
					E0EC8F8D202AAC630089F0C6 = {
						CreatedOnToolsVersion = 9.2;
						ProvisioningStyle = Automatic;
					};
				};
			};
			buildConfigurationList = E0EC8F89202AAC630089F0C6 /* Build configuration list for PBXProject "iTunesAppStore" */;
			compatibilityVersion = "Xcode 8.0";
			developmentRegion = en;
			hasScannedForEncodings = 0;
			knownRegions = (
				en,
				Base,
			);
			mainGroup = E0EC8F85202AAC620089F0C6;
			productRefGroup = E0EC8F8F202AAC630089F0C6 /* Products */;
			projectDirPath = "";
			projectRoot = "";
			targets = (
				E0EC8F8D202AAC630089F0C6 /* iTunesAppStore */,
			);
		};
/* End PBXProject section */

/* Begin PBXResourcesBuildPhase section */
		E0EC8F8C202AAC630089F0C6 /* Resources */ = {
			isa = PBXResourcesBuildPhase;
			buildActionMask = 2147483647;
			files = (
				E0EC8F9C202AAC630089F0C6 /* LaunchScreen.storyboard in Resources */,
				E0892FA0202ADF6100D57C63 /* Simulator Screen Shot - iPhone 8 - 2018-02-06 at 23.12.44.png in Resources */,
				E0892FA2202ADF6600D57C63 /* Simulator Screen Shot - iPhone 8 - 2018-02-06 at 23.12.55.png in Resources */,
				E0892FA4202ADF6D00D57C63 /* Simulator Screen Shot - iPhone 8 - 2018-02-06 at 23.12.06.png in Resources */,
				E0EC8F99202AAC630089F0C6 /* Assets.xcassets in Resources */,
				E0EC8F97202AAC630089F0C6 /* Main.storyboard in Resources */,
			);
			runOnlyForDeploymentPostprocessing = 0;
		};
/* End PBXResourcesBuildPhase section */

/* Begin PBXSourcesBuildPhase section */
		E0EC8F8A202AAC630089F0C6 /* Sources */ = {
			isa = PBXSourcesBuildPhase;
			buildActionMask = 2147483647;
			files = (
				E0EC8FAA202ABBFE0089F0C6 /* AppStoreClient.swift in Sources */,
				E0EC8FA6202AB2200089F0C6 /* AppStoreEndPoint.swift in Sources */,
				E0EC8FAC202AC54C0089F0C6 /* AppleTableViewCell.swift in Sources */,
				E0EC8FAE202AC7950089F0C6 /* AppStoreTableViewController.swift in Sources */,
				E0EC8FA4202AADA30089F0C6 /* NetworkProcessor.swift in Sources */,
				E0EC8FA8202AB9080089F0C6 /* App.swift in Sources */,
				E0EC8F92202AAC630089F0C6 /* AppDelegate.swift in Sources */,
			);
			runOnlyForDeploymentPostprocessing = 0;
		};
/* End PBXSourcesBuildPhase section */

/* Begin PBXVariantGroup section */
		E0EC8F95202AAC630089F0C6 /* Main.storyboard */ = {
			isa = PBXVariantGroup;
			children = (
				E0EC8F96202AAC630089F0C6 /* Base */,
			);
			name = Main.storyboard;
			sourceTree = "<group>";
		};
		E0EC8F9A202AAC630089F0C6 /* LaunchScreen.storyboard */ = {
			isa = PBXVariantGroup;
			children = (
				E0EC8F9B202AAC630089F0C6 /* Base */,
			);
			name = LaunchScreen.storyboard;
			sourceTree = "<group>";
		};
/* End PBXVariantGroup section */

/* Begin XCBuildConfiguration section */
		E0EC8F9E202AAC630089F0C6 /* Debug */ = {
			isa = XCBuildConfiguration;
			buildSettings = {
				ALWAYS_SEARCH_USER_PATHS = NO;
				CLANG_ANALYZER_NONNULL = YES;
				CLANG_ANALYZER_NUMBER_OBJECT_CONVERSION = YES_AGGRESSIVE;
				CLANG_CXX_LANGUAGE_STANDARD = "gnu++14";
				CLANG_CXX_LIBRARY = "libc++";
				CLANG_ENABLE_MODULES = YES;
				CLANG_ENABLE_OBJC_ARC = YES;
				CLANG_WARN_BLOCK_CAPTURE_AUTORELEASING = YES;
				CLANG_WARN_BOOL_CONVERSION = YES;
				CLANG_WARN_COMMA = YES;
				CLANG_WARN_CONSTANT_CONVERSION = YES;
				CLANG_WARN_DIRECT_OBJC_ISA_USAGE = YES_ERROR;
				CLANG_WARN_DOCUMENTATION_COMMENTS = YES;
				CLANG_WARN_EMPTY_BODY = YES;
				CLANG_WARN_ENUM_CONVERSION = YES;
				CLANG_WARN_INFINITE_RECURSION = YES;
				CLANG_WARN_INT_CONVERSION = YES;
				CLANG_WARN_NON_LITERAL_NULL_CONVERSION = YES;
				CLANG_WARN_OBJC_LITERAL_CONVERSION = YES;
				CLANG_WARN_OBJC_ROOT_CLASS = YES_ERROR;
				CLANG_WARN_RANGE_LOOP_ANALYSIS = YES;
				CLANG_WARN_STRICT_PROTOTYPES = YES;
				CLANG_WARN_SUSPICIOUS_MOVE = YES;
				CLANG_WARN_UNGUARDED_AVAILABILITY = YES_AGGRESSIVE;
				CLANG_WARN_UNREACHABLE_CODE = YES;
				CLANG_WARN__DUPLICATE_METHOD_MATCH = YES;
				CODE_SIGN_IDENTITY = "iPhone Developer";
				COPY_PHASE_STRIP = NO;
				DEBUG_INFORMATION_FORMAT = dwarf;
				ENABLE_STRICT_OBJC_MSGSEND = YES;
				ENABLE_TESTABILITY = YES;
				GCC_C_LANGUAGE_STANDARD = gnu11;
				GCC_DYNAMIC_NO_PIC = NO;
				GCC_NO_COMMON_BLOCKS = YES;
				GCC_OPTIMIZATION_LEVEL = 0;
				GCC_PREPROCESSOR_DEFINITIONS = (
					"DEBUG=1",
					"$(inherited)",
				);
				GCC_WARN_64_TO_32_BIT_CONVERSION = YES;
				GCC_WARN_ABOUT_RETURN_TYPE = YES_ERROR;
				GCC_WARN_UNDECLARED_SELECTOR = YES;
				GCC_WARN_UNINITIALIZED_AUTOS = YES_AGGRESSIVE;
				GCC_WARN_UNUSED_FUNCTION = YES;
				GCC_WARN_UNUSED_VARIABLE = YES;
				IPHONEOS_DEPLOYMENT_TARGET = 11.2;
				MTL_ENABLE_DEBUG_INFO = YES;
				ONLY_ACTIVE_ARCH = YES;
				SDKROOT = iphoneos;
				SWIFT_ACTIVE_COMPILATION_CONDITIONS = DEBUG;
				SWIFT_OPTIMIZATION_LEVEL = "-Onone";
			};
			name = Debug;
		};
		E0EC8F9F202AAC630089F0C6 /* Release */ = {
			isa = XCBuildConfiguration;
			buildSettings = {
				ALWAYS_SEARCH_USER_PATHS = NO;
				CLANG_ANALYZER_NONNULL = YES;
				CLANG_ANALYZER_NUMBER_OBJECT_CONVERSION = YES_AGGRESSIVE;
				CLANG_CXX_LANGUAGE_STANDARD = "gnu++14";
				CLANG_CXX_LIBRARY = "libc++";
				CLANG_ENABLE_MODULES = YES;
				CLANG_ENABLE_OBJC_ARC = YES;
				CLANG_WARN_BLOCK_CAPTURE_AUTORELEASING = YES;
				CLANG_WARN_BOOL_CONVERSION = YES;
				CLANG_WARN_COMMA = YES;
				CLANG_WARN_CONSTANT_CONVERSION = YES;
				CLANG_WARN_DIRECT_OBJC_ISA_USAGE = YES_ERROR;
				CLANG_WARN_DOCUMENTATION_COMMENTS = YES;
				CLANG_WARN_EMPTY_BODY = YES;
				CLANG_WARN_ENUM_CONVERSION = YES;
				CLANG_WARN_INFINITE_RECURSION = YES;
				CLANG_WARN_INT_CONVERSION = YES;
				CLANG_WARN_NON_LITERAL_NULL_CONVERSION = YES;
				CLANG_WARN_OBJC_LITERAL_CONVERSION = YES;
				CLANG_WARN_OBJC_ROOT_CLASS = YES_ERROR;
				CLANG_WARN_RANGE_LOOP_ANALYSIS = YES;
				CLANG_WARN_STRICT_PROTOTYPES = YES;
				CLANG_WARN_SUSPICIOUS_MOVE = YES;
				CLANG_WARN_UNGUARDED_AVAILABILITY = YES_AGGRESSIVE;
				CLANG_WARN_UNREACHABLE_CODE = YES;
				CLANG_WARN__DUPLICATE_METHOD_MATCH = YES;
				CODE_SIGN_IDENTITY = "iPhone Developer";
				COPY_PHASE_STRIP = NO;
				DEBUG_INFORMATION_FORMAT = "dwarf-with-dsym";
				ENABLE_NS_ASSERTIONS = NO;
				ENABLE_STRICT_OBJC_MSGSEND = YES;
				GCC_C_LANGUAGE_STANDARD = gnu11;
				GCC_NO_COMMON_BLOCKS = YES;
				GCC_WARN_64_TO_32_BIT_CONVERSION = YES;
				GCC_WARN_ABOUT_RETURN_TYPE = YES_ERROR;
				GCC_WARN_UNDECLARED_SELECTOR = YES;
				GCC_WARN_UNINITIALIZED_AUTOS = YES_AGGRESSIVE;
				GCC_WARN_UNUSED_FUNCTION = YES;
				GCC_WARN_UNUSED_VARIABLE = YES;
				IPHONEOS_DEPLOYMENT_TARGET = 11.2;
				MTL_ENABLE_DEBUG_INFO = NO;
				SDKROOT = iphoneos;
				SWIFT_OPTIMIZATION_LEVEL = "-Owholemodule";
				VALIDATE_PRODUCT = YES;
			};
			name = Release;
		};
		E0EC8FA1202AAC630089F0C6 /* Debug */ = {
			isa = XCBuildConfiguration;
			buildSettings = {
				ASSETCATALOG_COMPILER_APPICON_NAME = AppIcon;
				CODE_SIGN_STYLE = Automatic;
				INFOPLIST_FILE = iTunesAppStore/Info.plist;
				LD_RUNPATH_SEARCH_PATHS = "$(inherited) @executable_path/Frameworks";
				PRODUCT_BUNDLE_IDENTIFIER = com.hpIos.iTunesAppStore;
				PRODUCT_NAME = "$(TARGET_NAME)";
				SWIFT_VERSION = 4.0;
				TARGETED_DEVICE_FAMILY = "1,2";
			};
			name = Debug;
		};
		E0EC8FA2202AAC630089F0C6 /* Release */ = {
			isa = XCBuildConfiguration;
			buildSettings = {
				ASSETCATALOG_COMPILER_APPICON_NAME = AppIcon;
				CODE_SIGN_STYLE = Automatic;
				INFOPLIST_FILE = iTunesAppStore/Info.plist;
				LD_RUNPATH_SEARCH_PATHS = "$(inherited) @executable_path/Frameworks";
				PRODUCT_BUNDLE_IDENTIFIER = com.hpIos.iTunesAppStore;
				PRODUCT_NAME = "$(TARGET_NAME)";
				SWIFT_VERSION = 4.0;
				TARGETED_DEVICE_FAMILY = "1,2";
			};
			name = Release;
		};
/* End XCBuildConfiguration section */

/* Begin XCConfigurationList section */
		E0EC8F89202AAC630089F0C6 /* Build configuration list for PBXProject "iTunesAppStore" */ = {
			isa = XCConfigurationList;
			buildConfigurations = (
				E0EC8F9E202AAC630089F0C6 /* Debug */,
				E0EC8F9F202AAC630089F0C6 /* Release */,
			);
			defaultConfigurationIsVisible = 0;
			defaultConfigurationName = Release;
		};
		E0EC8FA0202AAC630089F0C6 /* Build configuration list for PBXNativeTarget "iTunesAppStore" */ = {
			isa = XCConfigurationList;
			buildConfigurations = (
				E0EC8FA1202AAC630089F0C6 /* Debug */,
				E0EC8FA2202AAC630089F0C6 /* Release */,
			);
			defaultConfigurationIsVisible = 0;
			defaultConfigurationName = Release;
		};
/* End XCConfigurationList section */
	};
	rootObject = E0EC8F86202AAC630089F0C6 /* Project object */;
}
